{
	"name": "staak-backend",
	"version": "1.0.0",
	"lockfileVersion": 1,
	"requires": true,
	"dependencies": {
		"express-gateway-plugin-rewrite": {
			"version": "1.3.0",
			"resolved": "https://registry.npmjs.org/express-gateway-plugin-rewrite/-/express-gateway-plugin-rewrite-1.3.0.tgz",
			"integrity": "sha512-ZlAlUxWL1qTUj+ml58GO9L2WfN/MiL4GPwUlfbc++fUHCsiN9+t5rtmM78L/Byr8m8v/r4nzBm1H2QmZ5z6Exg==",
			"requires": {
				"path-to-regexp": "^3.0.0"
			}
		},
		"path-to-regexp": {
			"version": "3.2.0",
			"resolved": "https://registry.npmjs.org/path-to-regexp/-/path-to-regexp-3.2.0.tgz",
			"integrity": "sha512-jczvQbCUS7XmS7o+y1aEO9OBVFeZBQ1MDSEqmO7xSoPgOPoowY/SxLpZ6Vh97/8qHZOteiCKb7gkG9gA2ZUxJA=="
		},
		"prettier": {
			"version": "2.6.2",
			"resolved": "https://registry.npmjs.org/prettier/-/prettier-2.6.2.tgz",
			"integrity": "sha512-PkUpF+qoXTqhOeWL9fu7As8LXsIUZ1WYaJiY/a7McAQzxjk82OF0tibkFXVCDImZtWxbvojFjerkiLb0/q8mew==",
			"dev": true
		}
	}
}
